
Microsoft Visual Studio Solution File, Format Version 12.00
Project("{2150E333-8FDC-42A3-9474-1A3956D46DE8}") = "src", "src", "{78CC5E79-6D41-4759-A2BB-515161D0E8EB}"
EndProject
Project("{2150E333-8FDC-42A3-9474-1A3956D46DE8}") = "proxy", "proxy", "{03AA8149-1F91-4D65-AD71-DEB95D3B8936}"
EndProject
Project("{2150E333-8FDC-42A3-9474-1A3956D46DE8}") = "microservices", "microservices", "{AEA5F1A4-3A1C-4169-8BF8-B479E920E96C}"
EndProject
Project("{FAE04EC0-301F-11D3-BF4B-00C04F79EFBC}") = "Application.ReserveProxy.Api", "src\proxy\Application.ReserveProxy.Api\Application.ReserveProxy.Api.csproj", "{C050C55C-115B-4DAF-A4E8-1133A1743A07}"
EndProject
Project("{2150E333-8FDC-42A3-9474-1A3956D46DE8}") = "identity", "identity", "{8DA213A6-A6E8-49F6-86CD-5049C4857998}"
EndProject
Project("{2150E333-8FDC-42A3-9474-1A3956D46DE8}") = "basket", "basket", "{82251528-082D-4F11-ADE3-B335B7F4C18F}"
EndProject
Project("{2150E333-8FDC-42A3-9474-1A3956D46DE8}") = "catalog", "catalog", "{FCB1AFCF-B27E-4FD1-9EA9-49EA06CA187E}"
EndProject
Project("{2150E333-8FDC-42A3-9474-1A3956D46DE8}") = "notification", "notification", "{F600D818-3DD3-4360-9680-0FA31055EA41}"
EndProject
Project("{2150E333-8FDC-42A3-9474-1A3956D46DE8}") = "ordering", "ordering", "{508E1CEA-D7D6-4C64-8477-3B998B9F0690}"
EndProject
Project("{2150E333-8FDC-42A3-9474-1A3956D46DE8}") = "webhooks", "webhooks", "{90F93DFB-9B4E-4DA2-A8A2-FEA76FC62180}"
EndProject
Project("{FAE04EC0-301F-11D3-BF4B-00C04F79EFBC}") = "Basket.Services.Api", "src\microservices\basket\Basket.Services.Api\Basket.Services.Api.csproj", "{CD067B7F-F200-404D-ACFF-30A4B140E688}"
EndProject
Project("{FAE04EC0-301F-11D3-BF4B-00C04F79EFBC}") = "Basket.Application", "src\microservices\basket\Basket.Application\Basket.Application.csproj", "{1E5A6A0E-C904-435F-B9A0-D7F721B1D8E5}"
EndProject
Project("{FAE04EC0-301F-11D3-BF4B-00C04F79EFBC}") = "Basket.Contract", "src\microservices\basket\Basket.Contract\Basket.Contract.csproj", "{28E2433A-DEE8-4FDD-8A90-2C40F9FBDEBE}"
EndProject
Project("{FAE04EC0-301F-11D3-BF4B-00C04F79EFBC}") = "Basket.Domain", "src\microservices\basket\Basket.Domain\Basket.Domain.csproj", "{B2206CBD-09F6-4D51-B6E9-EE8FAAAD9DF9}"
EndProject
Project("{FAE04EC0-301F-11D3-BF4B-00C04F79EFBC}") = "Basket.Infrastructure", "src\microservices\basket\Basket.Infrastructure\Basket.Infrastructure.csproj", "{8913DEC4-34A2-4F3A-8D2E-80A244F47380}"
EndProject
Project("{FAE04EC0-301F-11D3-BF4B-00C04F79EFBC}") = "Basket.Persistence", "src\microservices\basket\Basket.Persistence\Basket.Persistence.csproj", "{ABB3C5AB-FCBC-4B0A-9DBE-20C4D7A92907}"
EndProject
Global
	GlobalSection(SolutionConfigurationPlatforms) = preSolution
		Debug|Any CPU = Debug|Any CPU
		Release|Any CPU = Release|Any CPU
	EndGlobalSection
	GlobalSection(NestedProjects) = preSolution
		{03AA8149-1F91-4D65-AD71-DEB95D3B8936} = {78CC5E79-6D41-4759-A2BB-515161D0E8EB}
		{AEA5F1A4-3A1C-4169-8BF8-B479E920E96C} = {78CC5E79-6D41-4759-A2BB-515161D0E8EB}
		{C050C55C-115B-4DAF-A4E8-1133A1743A07} = {03AA8149-1F91-4D65-AD71-DEB95D3B8936}
		{8DA213A6-A6E8-49F6-86CD-5049C4857998} = {AEA5F1A4-3A1C-4169-8BF8-B479E920E96C}
		{82251528-082D-4F11-ADE3-B335B7F4C18F} = {AEA5F1A4-3A1C-4169-8BF8-B479E920E96C}
		{FCB1AFCF-B27E-4FD1-9EA9-49EA06CA187E} = {AEA5F1A4-3A1C-4169-8BF8-B479E920E96C}
		{F600D818-3DD3-4360-9680-0FA31055EA41} = {AEA5F1A4-3A1C-4169-8BF8-B479E920E96C}
		{508E1CEA-D7D6-4C64-8477-3B998B9F0690} = {AEA5F1A4-3A1C-4169-8BF8-B479E920E96C}
		{90F93DFB-9B4E-4DA2-A8A2-FEA76FC62180} = {AEA5F1A4-3A1C-4169-8BF8-B479E920E96C}
		{CD067B7F-F200-404D-ACFF-30A4B140E688} = {82251528-082D-4F11-ADE3-B335B7F4C18F}
		{1E5A6A0E-C904-435F-B9A0-D7F721B1D8E5} = {82251528-082D-4F11-ADE3-B335B7F4C18F}
		{28E2433A-DEE8-4FDD-8A90-2C40F9FBDEBE} = {82251528-082D-4F11-ADE3-B335B7F4C18F}
		{B2206CBD-09F6-4D51-B6E9-EE8FAAAD9DF9} = {82251528-082D-4F11-ADE3-B335B7F4C18F}
		{8913DEC4-34A2-4F3A-8D2E-80A244F47380} = {82251528-082D-4F11-ADE3-B335B7F4C18F}
		{ABB3C5AB-FCBC-4B0A-9DBE-20C4D7A92907} = {82251528-082D-4F11-ADE3-B335B7F4C18F}
	EndGlobalSection
	GlobalSection(ProjectConfigurationPlatforms) = postSolution
		{C050C55C-115B-4DAF-A4E8-1133A1743A07}.Debug|Any CPU.ActiveCfg = Debug|Any CPU
		{C050C55C-115B-4DAF-A4E8-1133A1743A07}.Debug|Any CPU.Build.0 = Debug|Any CPU
		{C050C55C-115B-4DAF-A4E8-1133A1743A07}.Release|Any CPU.ActiveCfg = Release|Any CPU
		{C050C55C-115B-4DAF-A4E8-1133A1743A07}.Release|Any CPU.Build.0 = Release|Any CPU
		{CD067B7F-F200-404D-ACFF-30A4B140E688}.Debug|Any CPU.ActiveCfg = Debug|Any CPU
		{CD067B7F-F200-404D-ACFF-30A4B140E688}.Debug|Any CPU.Build.0 = Debug|Any CPU
		{CD067B7F-F200-404D-ACFF-30A4B140E688}.Release|Any CPU.ActiveCfg = Release|Any CPU
		{CD067B7F-F200-404D-ACFF-30A4B140E688}.Release|Any CPU.Build.0 = Release|Any CPU
		{1E5A6A0E-C904-435F-B9A0-D7F721B1D8E5}.Debug|Any CPU.ActiveCfg = Debug|Any CPU
		{1E5A6A0E-C904-435F-B9A0-D7F721B1D8E5}.Debug|Any CPU.Build.0 = Debug|Any CPU
		{1E5A6A0E-C904-435F-B9A0-D7F721B1D8E5}.Release|Any CPU.ActiveCfg = Release|Any CPU
		{1E5A6A0E-C904-435F-B9A0-D7F721B1D8E5}.Release|Any CPU.Build.0 = Release|Any CPU
		{28E2433A-DEE8-4FDD-8A90-2C40F9FBDEBE}.Debug|Any CPU.ActiveCfg = Debug|Any CPU
		{28E2433A-DEE8-4FDD-8A90-2C40F9FBDEBE}.Debug|Any CPU.Build.0 = Debug|Any CPU
		{28E2433A-DEE8-4FDD-8A90-2C40F9FBDEBE}.Release|Any CPU.ActiveCfg = Release|Any CPU
		{28E2433A-DEE8-4FDD-8A90-2C40F9FBDEBE}.Release|Any CPU.Build.0 = Release|Any CPU
		{B2206CBD-09F6-4D51-B6E9-EE8FAAAD9DF9}.Debug|Any CPU.ActiveCfg = Debug|Any CPU
		{B2206CBD-09F6-4D51-B6E9-EE8FAAAD9DF9}.Debug|Any CPU.Build.0 = Debug|Any CPU
		{B2206CBD-09F6-4D51-B6E9-EE8FAAAD9DF9}.Release|Any CPU.ActiveCfg = Release|Any CPU
		{B2206CBD-09F6-4D51-B6E9-EE8FAAAD9DF9}.Release|Any CPU.Build.0 = Release|Any CPU
		{8913DEC4-34A2-4F3A-8D2E-80A244F47380}.Debug|Any CPU.ActiveCfg = Debug|Any CPU
		{8913DEC4-34A2-4F3A-8D2E-80A244F47380}.Debug|Any CPU.Build.0 = Debug|Any CPU
		{8913DEC4-34A2-4F3A-8D2E-80A244F47380}.Release|Any CPU.ActiveCfg = Release|Any CPU
		{8913DEC4-34A2-4F3A-8D2E-80A244F47380}.Release|Any CPU.Build.0 = Release|Any CPU
		{ABB3C5AB-FCBC-4B0A-9DBE-20C4D7A92907}.Debug|Any CPU.ActiveCfg = Debug|Any CPU
		{ABB3C5AB-FCBC-4B0A-9DBE-20C4D7A92907}.Debug|Any CPU.Build.0 = Debug|Any CPU
		{ABB3C5AB-FCBC-4B0A-9DBE-20C4D7A92907}.Release|Any CPU.ActiveCfg = Release|Any CPU
		{ABB3C5AB-FCBC-4B0A-9DBE-20C4D7A92907}.Release|Any CPU.Build.0 = Release|Any CPU
	EndGlobalSection
EndGlobal
